
Microsoft Visual Studio Solution File, Format Version 12.00
# Visual Studio 15
VisualStudioVersion = 15.0.26430.6
MinimumVisualStudioVersion = 10.0.40219.1
Project("{FAE04EC0-301F-11D3-BF4B-00C04F79EFBC}") = "App", "WebApplication1\App.csproj", "{6F7A048F-2154-49CB-B73F-1630BA658287}"
EndProject
Project("{FAE04EC0-301F-11D3-BF4B-00C04F79EFBC}") = "App.Infrastructure", "App.Infrastructure\App.Infrastructure.csproj", "{6003A3BF-39CF-4648-82BA-C2FC9C8A8A92}"
EndProject
Project("{FAE04EC0-301F-11D3-BF4B-00C04F79EFBC}") = "App.Tests", "App.Tests\App.Tests.csproj", "{1376C95B-76F2-45FA-928E-69BB0ED40BED}"
EndProject
Project("{9A19103F-16F7-4668-BE54-9A1E7A4F7556}") = "App.Core", "App.Core\App.Core.csproj", "{C7BA8B4F-6F1E-4279-BD08-D0117B54A691}"
EndProject
Project("{FAE04EC0-301F-11D3-BF4B-00C04F79EFBC}") = "App.Tests.EndToEnd", "App.Tests.EndToEnd\App.Tests.EndToEnd\App.Tests.EndToEnd.csproj", "{FC3A01ED-D7B2-4303-BAF1-84A99A931B43}"
EndProject
Global
	GlobalSection(SolutionConfigurationPlatforms) = preSolution
		Debug|Any CPU = Debug|Any CPU
		Release|Any CPU = Release|Any CPU
	EndGlobalSection
	GlobalSection(ProjectConfigurationPlatforms) = postSolution
		{6F7A048F-2154-49CB-B73F-1630BA658287}.Debug|Any CPU.ActiveCfg = Debug|Any CPU
		{6F7A048F-2154-49CB-B73F-1630BA658287}.Debug|Any CPU.Build.0 = Debug|Any CPU
		{6F7A048F-2154-49CB-B73F-1630BA658287}.Release|Any CPU.ActiveCfg = Release|Any CPU
		{6F7A048F-2154-49CB-B73F-1630BA658287}.Release|Any CPU.Build.0 = Release|Any CPU
		{6003A3BF-39CF-4648-82BA-C2FC9C8A8A92}.Debug|Any CPU.ActiveCfg = Debug|Any CPU
		{6003A3BF-39CF-4648-82BA-C2FC9C8A8A92}.Debug|Any CPU.Build.0 = Debug|Any CPU
		{6003A3BF-39CF-4648-82BA-C2FC9C8A8A92}.Release|Any CPU.ActiveCfg = Release|Any CPU
		{6003A3BF-39CF-4648-82BA-C2FC9C8A8A92}.Release|Any CPU.Build.0 = Release|Any CPU
		{1376C95B-76F2-45FA-928E-69BB0ED40BED}.Debug|Any CPU.ActiveCfg = Debug|Any CPU
		{1376C95B-76F2-45FA-928E-69BB0ED40BED}.Debug|Any CPU.Build.0 = Debug|Any CPU
		{1376C95B-76F2-45FA-928E-69BB0ED40BED}.Release|Any CPU.ActiveCfg = Release|Any CPU
		{1376C95B-76F2-45FA-928E-69BB0ED40BED}.Release|Any CPU.Build.0 = Release|Any CPU
		{C7BA8B4F-6F1E-4279-BD08-D0117B54A691}.Debug|Any CPU.ActiveCfg = Debug|Any CPU
		{C7BA8B4F-6F1E-4279-BD08-D0117B54A691}.Debug|Any CPU.Build.0 = Debug|Any CPU
		{C7BA8B4F-6F1E-4279-BD08-D0117B54A691}.Release|Any CPU.ActiveCfg = Release|Any CPU
		{C7BA8B4F-6F1E-4279-BD08-D0117B54A691}.Release|Any CPU.Build.0 = Release|Any CPU
		{FC3A01ED-D7B2-4303-BAF1-84A99A931B43}.Debug|Any CPU.ActiveCfg = Debug|Any CPU
		{FC3A01ED-D7B2-4303-BAF1-84A99A931B43}.Debug|Any CPU.Build.0 = Debug|Any CPU
		{FC3A01ED-D7B2-4303-BAF1-84A99A931B43}.Release|Any CPU.ActiveCfg = Release|Any CPU
		{FC3A01ED-D7B2-4303-BAF1-84A99A931B43}.Release|Any CPU.Build.0 = Release|Any CPU
	EndGlobalSection
	GlobalSection(SolutionProperties) = preSolution
		HideSolutionNode = FALSE
	EndGlobalSection
EndGlobal
